
#
# CprE 381 Generated Quartus Settings File
#

set_global_assignment -name FAMILY "Cyclone IV E"
set_global_assignment -name DEVICE EP4CE115F29C7
set_global_assignment -name ORIGINAL_QUARTUS_VERSION 18.0.0
set_global_assignment -name PROJECT_CREATION_TIME_DATE "19:07:08  JANUARY 28, 2019"
set_global_assignment -name LAST_QUARTUS_VERSION "18.0.0 Standard Edition"
set_global_assignment -name PROJECT_OUTPUT_DIRECTORY output_files
set_global_assignment -name PARTITION_NETLIST_TYPE SOURCE -section_id Top
set_global_assignment -name PARTITION_FITTER_PRESERVATION_LEVEL PLACEMENT_AND_ROUTING -section_id Top
set_global_assignment -name PARTITION_COLOR 16764057 -section_id Top
set_global_assignment -name TOP_LEVEL_ENTITY MIPS_Processor
set_global_assignment -name VHDL_FILE "/home/nprange/Desktop/Cpre381/381_project_1/cpre381-toolflow/proj/src/MIPS_types.vhd"
set_global_assignment -name VHDL_FILE "/home/nprange/Desktop/Cpre381/381_project_1/cpre381-toolflow/proj/src/TopLevel/ALU.vhd"
set_global_assignment -name VHDL_FILE "/home/nprange/Desktop/Cpre381/381_project_1/cpre381-toolflow/proj/src/TopLevel/AddSub.vhd"
set_global_assignment -name VHDL_FILE "/home/nprange/Desktop/Cpre381/381_project_1/cpre381-toolflow/proj/src/TopLevel/Adder.vhd"
set_global_assignment -name VHDL_FILE "/home/nprange/Desktop/Cpre381/381_project_1/cpre381-toolflow/proj/src/TopLevel/AdderStructural.vhd"
set_global_assignment -name VHDL_FILE "/home/nprange/Desktop/Cpre381/381_project_1/cpre381-toolflow/proj/src/TopLevel/Adder_N.vhd"
set_global_assignment -name VHDL_FILE "/home/nprange/Desktop/Cpre381/381_project_1/cpre381-toolflow/proj/src/TopLevel/MIPS_Processor.vhd"
set_global_assignment -name VHDL_FILE "/home/nprange/Desktop/Cpre381/381_project_1/cpre381-toolflow/proj/src/TopLevel/OnesComp.vhd"
set_global_assignment -name VHDL_FILE "/home/nprange/Desktop/Cpre381/381_project_1/cpre381-toolflow/proj/src/TopLevel/PCadd4.vhd"
set_global_assignment -name VHDL_FILE "/home/nprange/Desktop/Cpre381/381_project_1/cpre381-toolflow/proj/src/TopLevel/Register32.vhd"
set_global_assignment -name VHDL_FILE "/home/nprange/Desktop/Cpre381/381_project_1/cpre381-toolflow/proj/src/TopLevel/RegisterFile.vhd"
set_global_assignment -name VHDL_FILE "/home/nprange/Desktop/Cpre381/381_project_1/cpre381-toolflow/proj/src/TopLevel/aluctrl.vhd"
set_global_assignment -name VHDL_FILE "/home/nprange/Desktop/Cpre381/381_project_1/cpre381-toolflow/proj/src/TopLevel/and32.vhd"
set_global_assignment -name VHDL_FILE "/home/nprange/Desktop/Cpre381/381_project_1/cpre381-toolflow/proj/src/TopLevel/andg2.vhd"
set_global_assignment -name VHDL_FILE "/home/nprange/Desktop/Cpre381/381_project_1/cpre381-toolflow/proj/src/TopLevel/barrelshifter.vhd"
set_global_assignment -name VHDL_FILE "/home/nprange/Desktop/Cpre381/381_project_1/cpre381-toolflow/proj/src/TopLevel/brnchAdd.vhd"
set_global_assignment -name VHDL_FILE "/home/nprange/Desktop/Cpre381/381_project_1/cpre381-toolflow/proj/src/TopLevel/bus_array_type.vhd"
set_global_assignment -name VHDL_FILE "/home/nprange/Desktop/Cpre381/381_project_1/cpre381-toolflow/proj/src/TopLevel/comp.vhd"
set_global_assignment -name VHDL_FILE "/home/nprange/Desktop/Cpre381/381_project_1/cpre381-toolflow/proj/src/TopLevel/controlLogic.vhd"
set_global_assignment -name VHDL_FILE "/home/nprange/Desktop/Cpre381/381_project_1/cpre381-toolflow/proj/src/TopLevel/decoder.vhd"
set_global_assignment -name VHDL_FILE "/home/nprange/Desktop/Cpre381/381_project_1/cpre381-toolflow/proj/src/TopLevel/dffg.vhd"
set_global_assignment -name VHDL_FILE "/home/nprange/Desktop/Cpre381/381_project_1/cpre381-toolflow/proj/src/TopLevel/extender.vhd"
set_global_assignment -name VHDL_FILE "/home/nprange/Desktop/Cpre381/381_project_1/cpre381-toolflow/proj/src/TopLevel/fetchLogic.vhd"
set_global_assignment -name VHDL_FILE "/home/nprange/Desktop/Cpre381/381_project_1/cpre381-toolflow/proj/src/TopLevel/invg.vhd"
set_global_assignment -name VHDL_FILE "/home/nprange/Desktop/Cpre381/381_project_1/cpre381-toolflow/proj/src/TopLevel/jumpAdd.vhd"
set_global_assignment -name VHDL_FILE "/home/nprange/Desktop/Cpre381/381_project_1/cpre381-toolflow/proj/src/TopLevel/lui.vhd"
set_global_assignment -name VHDL_FILE "/home/nprange/Desktop/Cpre381/381_project_1/cpre381-toolflow/proj/src/TopLevel/mem.vhd"
set_global_assignment -name VHDL_FILE "/home/nprange/Desktop/Cpre381/381_project_1/cpre381-toolflow/proj/src/TopLevel/mux2t1.vhd"
set_global_assignment -name VHDL_FILE "/home/nprange/Desktop/Cpre381/381_project_1/cpre381-toolflow/proj/src/TopLevel/mux2t1_5.vhd"
set_global_assignment -name VHDL_FILE "/home/nprange/Desktop/Cpre381/381_project_1/cpre381-toolflow/proj/src/TopLevel/mux2t1_N.vhd"
set_global_assignment -name VHDL_FILE "/home/nprange/Desktop/Cpre381/381_project_1/cpre381-toolflow/proj/src/TopLevel/mux32to1.vhd"
set_global_assignment -name VHDL_FILE "/home/nprange/Desktop/Cpre381/381_project_1/cpre381-toolflow/proj/src/TopLevel/nAdder.vhd"
set_global_assignment -name VHDL_FILE "/home/nprange/Desktop/Cpre381/381_project_1/cpre381-toolflow/proj/src/TopLevel/newdff.vhd"
set_global_assignment -name VHDL_FILE "/home/nprange/Desktop/Cpre381/381_project_1/cpre381-toolflow/proj/src/TopLevel/nor32.vhd"
set_global_assignment -name VHDL_FILE "/home/nprange/Desktop/Cpre381/381_project_1/cpre381-toolflow/proj/src/TopLevel/nor32to1.vhd"
set_global_assignment -name VHDL_FILE "/home/nprange/Desktop/Cpre381/381_project_1/cpre381-toolflow/proj/src/TopLevel/or32.vhd"
set_global_assignment -name VHDL_FILE "/home/nprange/Desktop/Cpre381/381_project_1/cpre381-toolflow/proj/src/TopLevel/org2.vhd"
set_global_assignment -name VHDL_FILE "/home/nprange/Desktop/Cpre381/381_project_1/cpre381-toolflow/proj/src/TopLevel/sign_extender.vhd"
set_global_assignment -name VHDL_FILE "/home/nprange/Desktop/Cpre381/381_project_1/cpre381-toolflow/proj/src/TopLevel/tb_ALU.vhd"
set_global_assignment -name VHDL_FILE "/home/nprange/Desktop/Cpre381/381_project_1/cpre381-toolflow/proj/src/TopLevel/tb_nor32to1.vhd"
set_global_assignment -name VHDL_FILE "/home/nprange/Desktop/Cpre381/381_project_1/cpre381-toolflow/proj/src/TopLevel/xor32.vhd"
set_global_assignment -name VHDL_FILE "/home/nprange/Desktop/Cpre381/381_project_1/cpre381-toolflow/proj/src/TopLevel/xorg2.vhd"
